
Microsoft Visual Studio Solution File, Format Version 12.00
# Visual Studio Version 16
VisualStudioVersion = 16.0.30413.136
MinimumVisualStudioVersion = 10.0.40219.1
Project("{8BC9CEB8-8B4A-11D0-8D11-00A0C91BC942}") = "Lootwhore", "Lootwhore.vcxproj", "{F0194C65-A9E4-47DF-B50F-7A01D68C53E9}"
EndProject
Global
	GlobalSection(SolutionConfigurationPlatforms) = preSolution
		Debug|x64 = Debug|x64
		Debug|x86 = Debug|x86
		Release|x64 = Release|x64
		Release|x86 = Release|x86
	EndGlobalSection
	GlobalSection(ProjectConfigurationPlatforms) = postSolution
		{F0194C65-A9E4-47DF-B50F-7A01D68C53E9}.Debug|x64.ActiveCfg = Debug|x64
		{F0194C65-A9E4-47DF-B50F-7A01D68C53E9}.Debug|x64.Build.0 = Debug|x64
		{F0194C65-A9E4-47DF-B50F-7A01D68C53E9}.Debug|x86.ActiveCfg = Debug|Win32
		{F0194C65-A9E4-47DF-B50F-7A01D68C53E9}.Debug|x86.Build.0 = Debug|Win32
		{F0194C65-A9E4-47DF-B50F-7A01D68C53E9}.Release|x64.ActiveCfg = Release|x64
		{F0194C65-A9E4-47DF-B50F-7A01D68C53E9}.Release|x64.Build.0 = Release|x64
		{F0194C65-A9E4-47DF-B50F-7A01D68C53E9}.Release|x86.ActiveCfg = Release|Win32
		{F0194C65-A9E4-47DF-B50F-7A01D68C53E9}.Release|x86.Build.0 = Release|Win32
	EndGlobalSection
	GlobalSection(SolutionProperties) = preSolution
		HideSolutionNode = FALSE
	EndGlobalSection
	GlobalSection(ExtensibilityGlobals) = postSolution
		SolutionGuid = {2EC68548-B4EF-4A6C-B1B9-441B275DFA90}
	EndGlobalSection
EndGlobal
